
Microsoft Visual Studio Solution File, Format Version 12.00
# Visual Studio Version 17
VisualStudioVersion = 17.9.34728.123
MinimumVisualStudioVersion = 10.0.40219.1
Project("{FAE04EC0-301F-11D3-BF4B-00C04F79EFBC}") = "Campos", "Campos\Campos.csproj", "{05D51F1A-5239-453C-9852-66F25F32D3F1}"
EndProject
Global
	GlobalSection(SolutionConfigurationPlatforms) = preSolution
		Debug|Any CPU = Debug|Any CPU
		Release|Any CPU = Release|Any CPU
	EndGlobalSection
	GlobalSection(ProjectConfigurationPlatforms) = postSolution
		{05D51F1A-5239-453C-9852-66F25F32D3F1}.Debug|Any CPU.ActiveCfg = Debug|Any CPU
		{05D51F1A-5239-453C-9852-66F25F32D3F1}.Debug|Any CPU.Build.0 = Debug|Any CPU
		{05D51F1A-5239-453C-9852-66F25F32D3F1}.Release|Any CPU.ActiveCfg = Release|Any CPU
		{05D51F1A-5239-453C-9852-66F25F32D3F1}.Release|Any CPU.Build.0 = Release|Any CPU
	EndGlobalSection
	GlobalSection(SolutionProperties) = preSolution
		HideSolutionNode = FALSE
	EndGlobalSection
	GlobalSection(ExtensibilityGlobals) = postSolution
		SolutionGuid = {0F974D4D-DDB2-449E-ADC2-C946B54741A9}
	EndGlobalSection
EndGlobal
