
Microsoft Visual Studio Solution File, Format Version 12.00
# Visual Studio Version 17
VisualStudioVersion = 17.9.34728.123
MinimumVisualStudioVersion = 10.0.40219.1
Project("{FAE04EC0-301F-11D3-BF4B-00C04F79EFBC}") = "JavierMontero_M2_P1", "JavierMontero_M2_P1.csproj", "{B14BFB45-550B-48F4-B6B3-0D43BA06A782}"
EndProject
Global
	GlobalSection(SolutionConfigurationPlatforms) = preSolution
		Debug|Any CPU = Debug|Any CPU
		Release|Any CPU = Release|Any CPU
	EndGlobalSection
	GlobalSection(ProjectConfigurationPlatforms) = postSolution
		{B14BFB45-550B-48F4-B6B3-0D43BA06A782}.Debug|Any CPU.ActiveCfg = Debug|Any CPU
		{B14BFB45-550B-48F4-B6B3-0D43BA06A782}.Debug|Any CPU.Build.0 = Debug|Any CPU
		{B14BFB45-550B-48F4-B6B3-0D43BA06A782}.Release|Any CPU.ActiveCfg = Release|Any CPU
		{B14BFB45-550B-48F4-B6B3-0D43BA06A782}.Release|Any CPU.Build.0 = Release|Any CPU
	EndGlobalSection
	GlobalSection(SolutionProperties) = preSolution
		HideSolutionNode = FALSE
	EndGlobalSection
	GlobalSection(ExtensibilityGlobals) = postSolution
		SolutionGuid = {65F4A036-E137-4392-8BBB-D878EA5CF4EC}
	EndGlobalSection
EndGlobal
